
Microsoft Visual Studio Solution File, Format Version 12.00
# Visual Studio Version 17
VisualStudioVersion = 17.1.32407.343
MinimumVisualStudioVersion = 10.0.40219.1
Project("{FAE04EC0-301F-11D3-BF4B-00C04F79EFBC}") = "BilgeRestoran", "BilgeRestoran\BilgeRestoran.csproj", "{F55A5663-B73B-4B11-8BD1-CFF02710805B}"
EndProject
Global
	GlobalSection(SolutionConfigurationPlatforms) = preSolution
		Debug|Any CPU = Debug|Any CPU
		Release|Any CPU = Release|Any CPU
	EndGlobalSection
	GlobalSection(ProjectConfigurationPlatforms) = postSolution
		{F55A5663-B73B-4B11-8BD1-CFF02710805B}.Debug|Any CPU.ActiveCfg = Debug|Any CPU
		{F55A5663-B73B-4B11-8BD1-CFF02710805B}.Debug|Any CPU.Build.0 = Debug|Any CPU
		{F55A5663-B73B-4B11-8BD1-CFF02710805B}.Release|Any CPU.ActiveCfg = Release|Any CPU
		{F55A5663-B73B-4B11-8BD1-CFF02710805B}.Release|Any CPU.Build.0 = Release|Any CPU
	EndGlobalSection
	GlobalSection(SolutionProperties) = preSolution
		HideSolutionNode = FALSE
	EndGlobalSection
	GlobalSection(ExtensibilityGlobals) = postSolution
		SolutionGuid = {80078C16-3DF8-47FE-AC72-B73F06B369A0}
	EndGlobalSection
EndGlobal
